Microsoft Visual Studio Solution File, Format Version 12.00
# Visual Studio Version 17
VisualStudioVersion = 17.13.35919.96
MinimumVisualStudioVersion = 10.0.40219.1
Project("{FAE04EC0-301F-11D3-BF4B-00C04F79EFBC}") = "KafePersonalTid", "KafePersonalTid\KafePersonalTid.csproj", "{0D567A06-5433-4713-8495-B4A167C485F5}"
EndProject
Global
	GlobalSection(SolutionConfigurationPlatforms) = preSolution
		Debug|Any CPU = Debug|Any CPU
		Release|Any CPU = Release|Any CPU
	EndGlobalSection
	GlobalSection(ProjectConfigurationPlatforms) = postSolution
		{0D567A06-5433-4713-8495-B4A167C485F5}.Debug|Any CPU.ActiveCfg = Debug|Any CPU
		{0D567A06-5433-4713-8495-B4A167C485F5}.Debug|Any CPU.Build.0 = Debug|Any CPU
		{0D567A06-5433-4713-8495-B4A167C485F5}.Release|Any CPU.ActiveCfg = Release|Any CPU
		{0D567A06-5433-4713-8495-B4A167C485F5}.Release|Any CPU.Build.0 = Release|Any CPU
	EndGlobalSection
	GlobalSection(SolutionProperties) = preSolution
		HideSolutionNode = FALSE
	EndGlobalSection
	GlobalSection(ExtensibilityGlobals) = postSolution
		SolutionGuid = {F1BFAF2A-AABA-4D94-92B4-D17BA959786E}
	EndGlobalSection
EndGlobal
